// !$*UTF8*$!
{
	archiveVersion = 1;
	classes = {
	};
	objectVersion = 55;
	objects = {

/* Begin PBXBuildFile section */
		65745E31294F60370005F1AB /* AbilityDescriptionView.swift in Sources */ = {isa = PBXBuildFile; fileRef = 65745E30294F60370005F1AB /* AbilityDescriptionView.swift */; };
		65745E32294F60370005F1AB /* AbilityDescriptionView.swift in Sources */ = {isa = PBXBuildFile; fileRef = 65745E30294F60370005F1AB /* AbilityDescriptionView.swift */; };
		65745E34294F66EC0005F1AB /* AbilityItem.swift in Sources */ = {isa = PBXBuildFile; fileRef = 65745E33294F66EC0005F1AB /* AbilityItem.swift */; };
		65745E35294F66EC0005F1AB /* AbilityItem.swift in Sources */ = {isa = PBXBuildFile; fileRef = 65745E33294F66EC0005F1AB /* AbilityItem.swift */; };
		65745E37294F67160005F1AB /* AbilityDescriptionLoader.swift in Sources */ = {isa = PBXBuildFile; fileRef = 65745E36294F67160005F1AB /* AbilityDescriptionLoader.swift */; };
		65745E38294F67160005F1AB /* AbilityDescriptionLoader.swift in Sources */ = {isa = PBXBuildFile; fileRef = 65745E36294F67160005F1AB /* AbilityDescriptionLoader.swift */; };
		65745E3B294F686E0005F1AB /* RemoteAbilitiesLoader.swift in Sources */ = {isa = PBXBuildFile; fileRef = 65745E3A294F686E0005F1AB /* RemoteAbilitiesLoader.swift */; };
		65745E3C294F686E0005F1AB /* RemoteAbilitiesLoader.swift in Sources */ = {isa = PBXBuildFile; fileRef = 65745E3A294F686E0005F1AB /* RemoteAbilitiesLoader.swift */; };
		65745E3E294F69530005F1AB /* AbilitiesDescriptionMapper.swift in Sources */ = {isa = PBXBuildFile; fileRef = 65745E3D294F69530005F1AB /* AbilitiesDescriptionMapper.swift */; };
		65745E3F294F69530005F1AB /* AbilitiesDescriptionMapper.swift in Sources */ = {isa = PBXBuildFile; fileRef = 65745E3D294F69530005F1AB /* AbilitiesDescriptionMapper.swift */; };
		65745E41294F69900005F1AB /* RemoteAbilityItem.swift in Sources */ = {isa = PBXBuildFile; fileRef = 65745E40294F69900005F1AB /* RemoteAbilityItem.swift */; };
		65745E42294F69900005F1AB /* RemoteAbilityItem.swift in Sources */ = {isa = PBXBuildFile; fileRef = 65745E40294F69900005F1AB /* RemoteAbilityItem.swift */; };
		65745E44294F73280005F1AB /* AbilityDescriptionViewModel.swift in Sources */ = {isa = PBXBuildFile; fileRef = 65745E43294F73280005F1AB /* AbilityDescriptionViewModel.swift */; };
		65745E45294F73280005F1AB /* AbilityDescriptionViewModel.swift in Sources */ = {isa = PBXBuildFile; fileRef = 65745E43294F73280005F1AB /* AbilityDescriptionViewModel.swift */; };
		65745E47294F94250005F1AB /* PokemonTypesView.swift in Sources */ = {isa = PBXBuildFile; fileRef = 65745E46294F94250005F1AB /* PokemonTypesView.swift */; };
		65745E48294F94250005F1AB /* PokemonTypesView.swift in Sources */ = {isa = PBXBuildFile; fileRef = 65745E46294F94250005F1AB /* PokemonTypesView.swift */; };
		65745E4B294FA8450005F1AB /* RemoteEquivalentPokemonsItem.swift in Sources */ = {isa = PBXBuildFile; fileRef = 65745E4A294FA8440005F1AB /* RemoteEquivalentPokemonsItem.swift */; };
		65745E4C294FA8450005F1AB /* RemoteEquivalentPokemonsItem.swift in Sources */ = {isa = PBXBuildFile; fileRef = 65745E4A294FA8440005F1AB /* RemoteEquivalentPokemonsItem.swift */; };
		65745E4E294FAD280005F1AB /* RemoteEquivalentPokemonsLoader.swift in Sources */ = {isa = PBXBuildFile; fileRef = 65745E4D294FAD280005F1AB /* RemoteEquivalentPokemonsLoader.swift */; };
		65745E4F294FAD280005F1AB /* RemoteEquivalentPokemonsLoader.swift in Sources */ = {isa = PBXBuildFile; fileRef = 65745E4D294FAD280005F1AB /* RemoteEquivalentPokemonsLoader.swift */; };
		65745E55294FAE910005F1AB /* EquivalentPokemonsLoader.swift in Sources */ = {isa = PBXBuildFile; fileRef = 65745E54294FAE910005F1AB /* EquivalentPokemonsLoader.swift */; };
		65745E56294FAE910005F1AB /* EquivalentPokemonsLoader.swift in Sources */ = {isa = PBXBuildFile; fileRef = 65745E54294FAE910005F1AB /* EquivalentPokemonsLoader.swift */; };
		65745E58294FAFE70005F1AB /* EquivalentPokemonsMapper.swift in Sources */ = {isa = PBXBuildFile; fileRef = 65745E57294FAFE70005F1AB /* EquivalentPokemonsMapper.swift */; };
		65745E59294FAFE70005F1AB /* EquivalentPokemonsMapper.swift in Sources */ = {isa = PBXBuildFile; fileRef = 65745E57294FAFE70005F1AB /* EquivalentPokemonsMapper.swift */; };
		65745E5B294FB22F0005F1AB /* EquivalentPokemonsViewModel.swift in Sources */ = {isa = PBXBuildFile; fileRef = 65745E5A294FB22F0005F1AB /* EquivalentPokemonsViewModel.swift */; };
		65745E5C294FB22F0005F1AB /* EquivalentPokemonsViewModel.swift in Sources */ = {isa = PBXBuildFile; fileRef = 65745E5A294FB22F0005F1AB /* EquivalentPokemonsViewModel.swift */; };
		65745E5E294FEB390005F1AB /* EquivalentPokemonViewController.swift in Sources */ = {isa = PBXBuildFile; fileRef = 65745E5D294FEB390005F1AB /* EquivalentPokemonViewController.swift */; };
		65745E5F294FEB390005F1AB /* EquivalentPokemonViewController.swift in Sources */ = {isa = PBXBuildFile; fileRef = 65745E5D294FEB390005F1AB /* EquivalentPokemonViewController.swift */; };
		65745E62295081620005F1AB /* RemotePokemonSpeciesItem.swift in Sources */ = {isa = PBXBuildFile; fileRef = 65745E61295081620005F1AB /* RemotePokemonSpeciesItem.swift */; };
		65745E63295081620005F1AB /* RemotePokemonSpeciesItem.swift in Sources */ = {isa = PBXBuildFile; fileRef = 65745E61295081620005F1AB /* RemotePokemonSpeciesItem.swift */; };
		65745E65295082380005F1AB /* PokemonSpeciesItem.swift in Sources */ = {isa = PBXBuildFile; fileRef = 65745E64295082380005F1AB /* PokemonSpeciesItem.swift */; };
		65745E66295082380005F1AB /* PokemonSpeciesItem.swift in Sources */ = {isa = PBXBuildFile; fileRef = 65745E64295082380005F1AB /* PokemonSpeciesItem.swift */; };
		65745E68295082B90005F1AB /* PokemonSpeciesLoader.swift in Sources */ = {isa = PBXBuildFile; fileRef = 65745E67295082B90005F1AB /* PokemonSpeciesLoader.swift */; };
		65745E69295082B90005F1AB /* PokemonSpeciesLoader.swift in Sources */ = {isa = PBXBuildFile; fileRef = 65745E67295082B90005F1AB /* PokemonSpeciesLoader.swift */; };
		65745E6B295083640005F1AB /* RemotePokemonSpeciesLoader.swift in Sources */ = {isa = PBXBuildFile; fileRef = 65745E6A295083640005F1AB /* RemotePokemonSpeciesLoader.swift */; };
		65745E6C295083640005F1AB /* RemotePokemonSpeciesLoader.swift in Sources */ = {isa = PBXBuildFile; fileRef = 65745E6A295083640005F1AB /* RemotePokemonSpeciesLoader.swift */; };
		65745E6E295085DC0005F1AB /* PokemonSpeciesMapper.swift in Sources */ = {isa = PBXBuildFile; fileRef = 65745E6D295085DC0005F1AB /* PokemonSpeciesMapper.swift */; };
		65745E6F295085DD0005F1AB /* PokemonSpeciesMapper.swift in Sources */ = {isa = PBXBuildFile; fileRef = 65745E6D295085DC0005F1AB /* PokemonSpeciesMapper.swift */; };
		65B7FD75294A0BAE0052F601 /* AppDelegate.swift in Sources */ = {isa = PBXBuildFile; fileRef = 65B7FD74294A0BAE0052F601 /* AppDelegate.swift */; };
		65B7FD77294A0BAE0052F601 /* SceneDelegate.swift in Sources */ = {isa = PBXBuildFile; fileRef = 65B7FD76294A0BAE0052F601 /* SceneDelegate.swift */; };
		65B7FD7E294A0BB20052F601 /* Assets.xcassets in Resources */ = {isa = PBXBuildFile; fileRef = 65B7FD7D294A0BB20052F601 /* Assets.xcassets */; };
		65B7FD81294A0BB20052F601 /* LaunchScreen.storyboard in Resources */ = {isa = PBXBuildFile; fileRef = 65B7FD7F294A0BB20052F601 /* LaunchScreen.storyboard */; };
		65B7FD8C294A0BB30052F601 /* PokedexListEndToEndTests.swift in Sources */ = {isa = PBXBuildFile; fileRef = 65B7FD8B294A0BB30052F601 /* PokedexListEndToEndTests.swift */; };
		65B7FD96294A0BB30052F601 /* PokedexUITests.swift in Sources */ = {isa = PBXBuildFile; fileRef = 65B7FD95294A0BB30052F601 /* PokedexUITests.swift */; };
		65B7FD98294A0BB30052F601 /* PokedexUITestsLaunchTests.swift in Sources */ = {isa = PBXBuildFile; fileRef = 65B7FD97294A0BB30052F601 /* PokedexUITestsLaunchTests.swift */; };
		65B7FDB4294A4FAC0052F601 /* HTTPClient.swift in Sources */ = {isa = PBXBuildFile; fileRef = 65B7FDB3294A4FAC0052F601 /* HTTPClient.swift */; };
		65B7FDB5294A4FAC0052F601 /* HTTPClient.swift in Sources */ = {isa = PBXBuildFile; fileRef = 65B7FDB3294A4FAC0052F601 /* HTTPClient.swift */; };
		65B7FDB8294A52890052F601 /* Alamofire in Frameworks */ = {isa = PBXBuildFile; productRef = 65B7FDB7294A52890052F601 /* Alamofire */; };
		65B7FDBB294A6B340052F601 /* PokemonListItem.swift in Sources */ = {isa = PBXBuildFile; fileRef = 65B7FDBA294A6B340052F601 /* PokemonListItem.swift */; };
		65B7FDBC294A6B340052F601 /* PokemonListItem.swift in Sources */ = {isa = PBXBuildFile; fileRef = 65B7FDBA294A6B340052F601 /* PokemonListItem.swift */; };
		65B7FDBF294A6F220052F601 /* PokemonListLoader.swift in Sources */ = {isa = PBXBuildFile; fileRef = 65B7FDBE294A6F220052F601 /* PokemonListLoader.swift */; };
		65B7FDC0294A6F220052F601 /* PokemonListLoader.swift in Sources */ = {isa = PBXBuildFile; fileRef = 65B7FDBE294A6F220052F601 /* PokemonListLoader.swift */; };
		65B7FDC2294B3CDF0052F601 /* AlamofireHTTPClient.swift in Sources */ = {isa = PBXBuildFile; fileRef = 65B7FDC1294B3CDF0052F601 /* AlamofireHTTPClient.swift */; };
		65B7FDC3294B3CE00052F601 /* AlamofireHTTPClient.swift in Sources */ = {isa = PBXBuildFile; fileRef = 65B7FDC1294B3CDF0052F601 /* AlamofireHTTPClient.swift */; };
		65B7FDC5294B3D1F0052F601 /* Endpoints.swift in Sources */ = {isa = PBXBuildFile; fileRef = 65B7FDC4294B3D1F0052F601 /* Endpoints.swift */; };
		65B7FDC6294B3D1F0052F601 /* Endpoints.swift in Sources */ = {isa = PBXBuildFile; fileRef = 65B7FDC4294B3D1F0052F601 /* Endpoints.swift */; };
		65B7FDC8294B3D940052F601 /* RemotePokemonItem.swift in Sources */ = {isa = PBXBuildFile; fileRef = 65B7FDC7294B3D940052F601 /* RemotePokemonItem.swift */; };
		65B7FDC9294B3D940052F601 /* RemotePokemonItem.swift in Sources */ = {isa = PBXBuildFile; fileRef = 65B7FDC7294B3D940052F601 /* RemotePokemonItem.swift */; };
		65B7FDCB294B3DCA0052F601 /* PokemonListMapper.swift in Sources */ = {isa = PBXBuildFile; fileRef = 65B7FDCA294B3DCA0052F601 /* PokemonListMapper.swift */; };
		65B7FDCC294B3DCA0052F601 /* PokemonListMapper.swift in Sources */ = {isa = PBXBuildFile; fileRef = 65B7FDCA294B3DCA0052F601 /* PokemonListMapper.swift */; };
		65B7FDCE294B3DEE0052F601 /* RemotePokemonListLoader.swift in Sources */ = {isa = PBXBuildFile; fileRef = 65B7FDCD294B3DEE0052F601 /* RemotePokemonListLoader.swift */; };
		65B7FDCF294B3DEE0052F601 /* RemotePokemonListLoader.swift in Sources */ = {isa = PBXBuildFile; fileRef = 65B7FDCD294B3DEE0052F601 /* RemotePokemonListLoader.swift */; };
		65B7FDD3294B47BA0052F601 /* PokemonListViewController.swift in Sources */ = {isa = PBXBuildFile; fileRef = 65B7FDD1294B47BA0052F601 /* PokemonListViewController.swift */; };
		65B7FDD4294B47BA0052F601 /* PokemonListViewController.swift in Sources */ = {isa = PBXBuildFile; fileRef = 65B7FDD1294B47BA0052F601 /* PokemonListViewController.swift */; };
		65B7FDE4294B4DE10052F601 /* PokemonListViewModel.swift in Sources */ = {isa = PBXBuildFile; fileRef = 65B7FDE3294B4DE10052F601 /* PokemonListViewModel.swift */; };
		65B7FDE5294B4DE10052F601 /* PokemonListViewModel.swift in Sources */ = {isa = PBXBuildFile; fileRef = 65B7FDE3294B4DE10052F601 /* PokemonListViewModel.swift */; };
		65B7FDE8294B4E870052F601 /* RootCoordinator.swift in Sources */ = {isa = PBXBuildFile; fileRef = 65B7FDE7294B4E870052F601 /* RootCoordinator.swift */; };
		65B7FDE9294B4E870052F601 /* RootCoordinator.swift in Sources */ = {isa = PBXBuildFile; fileRef = 65B7FDE7294B4E870052F601 /* RootCoordinator.swift */; };
		65B7FDEC294B635A0052F601 /* SDWebImage in Frameworks */ = {isa = PBXBuildFile; productRef = 65B7FDEB294B635A0052F601 /* SDWebImage */; };
		65B7FDEF294B63AF0052F601 /* RxCocoa in Frameworks */ = {isa = PBXBuildFile; productRef = 65B7FDEE294B63AF0052F601 /* RxCocoa */; };
		65B7FDF1294B63AF0052F601 /* RxSwift in Frameworks */ = {isa = PBXBuildFile; productRef = 65B7FDF0294B63AF0052F601 /* RxSwift */; };
		65B7FDF4294B700E0052F601 /* PokemonListCell.swift in Sources */ = {isa = PBXBuildFile; fileRef = 65B7FDF3294B700E0052F601 /* PokemonListCell.swift */; };
		65B7FDF5294B700E0052F601 /* PokemonListCell.swift in Sources */ = {isa = PBXBuildFile; fileRef = 65B7FDF3294B700E0052F601 /* PokemonListCell.swift */; };
		65B7FDFB294BA5900052F601 /* ViewCode.swift in Sources */ = {isa = PBXBuildFile; fileRef = 65B7FDFA294BA5900052F601 /* ViewCode.swift */; };
		65B7FDFC294BA5900052F601 /* ViewCode.swift in Sources */ = {isa = PBXBuildFile; fileRef = 65B7FDFA294BA5900052F601 /* ViewCode.swift */; };
		65B7FDFF294CBFC60052F601 /* Localizable.strings in Resources */ = {isa = PBXBuildFile; fileRef = 65B7FDFE294CBFC60052F601 /* Localizable.strings */; };
		65B7FE00294CBFC60052F601 /* Localizable.strings in Resources */ = {isa = PBXBuildFile; fileRef = 65B7FDFE294CBFC60052F601 /* Localizable.strings */; };
		65B7FE02294CC4830052F601 /* PokemonDetailsLoader.swift in Sources */ = {isa = PBXBuildFile; fileRef = 65B7FE01294CC4830052F601 /* PokemonDetailsLoader.swift */; };
		65B7FE03294CC4830052F601 /* PokemonDetailsLoader.swift in Sources */ = {isa = PBXBuildFile; fileRef = 65B7FE01294CC4830052F601 /* PokemonDetailsLoader.swift */; };
		65B7FE05294CC6270052F601 /* PokemonDetailsItem.swift in Sources */ = {isa = PBXBuildFile; fileRef = 65B7FE04294CC6270052F601 /* PokemonDetailsItem.swift */; };
		65B7FE06294CC6270052F601 /* PokemonDetailsItem.swift in Sources */ = {isa = PBXBuildFile; fileRef = 65B7FE04294CC6270052F601 /* PokemonDetailsItem.swift */; };
		65B7FE0A294CC73C0052F601 /* RemotePokemonDetailsLoader.swift in Sources */ = {isa = PBXBuildFile; fileRef = 65B7FE09294CC73C0052F601 /* RemotePokemonDetailsLoader.swift */; };
		65B7FE0B294CC73C0052F601 /* RemotePokemonDetailsLoader.swift in Sources */ = {isa = PBXBuildFile; fileRef = 65B7FE09294CC73C0052F601 /* RemotePokemonDetailsLoader.swift */; };
		65B7FE0F294CCAB40052F601 /* RemotePokemonDetails.swift in Sources */ = {isa = PBXBuildFile; fileRef = 65B7FE0E294CCAB40052F601 /* RemotePokemonDetails.swift */; };
		65B7FE10294CCAB40052F601 /* RemotePokemonDetails.swift in Sources */ = {isa = PBXBuildFile; fileRef = 65B7FE0E294CCAB40052F601 /* RemotePokemonDetails.swift */; };
		65B7FE12294CCB410052F601 /* PokemonDetailsMapper.swift in Sources */ = {isa = PBXBuildFile; fileRef = 65B7FE11294CCB410052F601 /* PokemonDetailsMapper.swift */; };
		65B7FE13294CCB420052F601 /* PokemonDetailsMapper.swift in Sources */ = {isa = PBXBuildFile; fileRef = 65B7FE11294CCB410052F601 /* PokemonDetailsMapper.swift */; };
		65B7FE15294D373D0052F601 /* PokemonDetailsViewController.swift in Sources */ = {isa = PBXBuildFile; fileRef = 65B7FE14294D373C0052F601 /* PokemonDetailsViewController.swift */; };
		65B7FE16294D373D0052F601 /* PokemonDetailsViewController.swift in Sources */ = {isa = PBXBuildFile; fileRef = 65B7FE14294D373C0052F601 /* PokemonDetailsViewController.swift */; };
		65B7FE18294D37DF0052F601 /* PokemonDetailsViewModel.swift in Sources */ = {isa = PBXBuildFile; fileRef = 65B7FE17294D37DF0052F601 /* PokemonDetailsViewModel.swift */; };
		65B7FE19294D37DF0052F601 /* PokemonDetailsViewModel.swift in Sources */ = {isa = PBXBuildFile; fileRef = 65B7FE17294D37DF0052F601 /* PokemonDetailsViewModel.swift */; };
		65B7FE1D294DCEB60052F601 /* CarouselCell.swift in Sources */ = {isa = PBXBuildFile; fileRef = 65B7FE1C294DCEB60052F601 /* CarouselCell.swift */; };
		65B7FE1E294DCEB60052F601 /* CarouselCell.swift in Sources */ = {isa = PBXBuildFile; fileRef = 65B7FE1C294DCEB60052F601 /* CarouselCell.swift */; };
		65B7FE20294DCF230052F601 /* CarouselView.swift in Sources */ = {isa = PBXBuildFile; fileRef = 65B7FE1F294DCF230052F601 /* CarouselView.swift */; };
		65B7FE21294DCF230052F601 /* CarouselView.swift in Sources */ = {isa = PBXBuildFile; fileRef = 65B7FE1F294DCF230052F601 /* CarouselView.swift */; };
		65B8F95C294F1685006FA18C /* PokemonStatsView.swift in Sources */ = {isa = PBXBuildFile; fileRef = 65B8F95B294F1685006FA18C /* PokemonStatsView.swift */; };
		65B8F95D294F1685006FA18C /* PokemonStatsView.swift in Sources */ = {isa = PBXBuildFile; fileRef = 65B8F95B294F1685006FA18C /* PokemonStatsView.swift */; };
		65B8F95F294F2657006FA18C /* PokemonAbilitiesView.swift in Sources */ = {isa = PBXBuildFile; fileRef = 65B8F95E294F2657006FA18C /* PokemonAbilitiesView.swift */; };
		65B8F960294F2658006FA18C /* PokemonAbilitiesView.swift in Sources */ = {isa = PBXBuildFile; fileRef = 65B8F95E294F2657006FA18C /* PokemonAbilitiesView.swift */; };
/* End PBXBuildFile section */

/* Begin PBXContainerItemProxy section */
		65B7FD88294A0BB30052F601 /* PBXContainerItemProxy */ = {
			isa = PBXContainerItemProxy;
			containerPortal = 65B7FD69294A0BAE0052F601 /* Project object */;
			proxyType = 1;
			remoteGlobalIDString = 65B7FD70294A0BAE0052F601;
			remoteInfo = Pokedex;
		};
		65B7FD92294A0BB30052F601 /* PBXContainerItemProxy */ = {
			isa = PBXContainerItemProxy;
			containerPortal = 65B7FD69294A0BAE0052F601 /* Project object */;
			proxyType = 1;
			remoteGlobalIDString = 65B7FD70294A0BAE0052F601;
			remoteInfo = Pokedex;
		};
/* End PBXContainerItemProxy section */

/* Begin PBXFileReference section */
		65745E30294F60370005F1AB /* AbilityDescriptionView.swift */ = {isa = PBXFileReference; lastKnownFileType = sourcecode.swift; path = AbilityDescriptionView.swift; sourceTree = "<group>"; };
		65745E33294F66EC0005F1AB /* AbilityItem.swift */ = {isa = PBXFileReference; lastKnownFileType = sourcecode.swift; path = AbilityItem.swift; sourceTree = "<group>"; };
		65745E36294F67160005F1AB /* AbilityDescriptionLoader.swift */ = {isa = PBXFileReference; lastKnownFileType = sourcecode.swift; path = AbilityDescriptionLoader.swift; sourceTree = "<group>"; };
		65745E3A294F686E0005F1AB /* RemoteAbilitiesLoader.swift */ = {isa = PBXFileReference; lastKnownFileType = sourcecode.swift; path = RemoteAbilitiesLoader.swift; sourceTree = "<group>"; };
		65745E3D294F69530005F1AB /* AbilitiesDescriptionMapper.swift */ = {isa = PBXFileReference; lastKnownFileType = sourcecode.swift; path = AbilitiesDescriptionMapper.swift; sourceTree = "<group>"; };
		65745E40294F69900005F1AB /* RemoteAbilityItem.swift */ = {isa = PBXFileReference; lastKnownFileType = sourcecode.swift; path = RemoteAbilityItem.swift; sourceTree = "<group>"; };
		65745E43294F73280005F1AB /* AbilityDescriptionViewModel.swift */ = {isa = PBXFileReference; lastKnownFileType = sourcecode.swift; path = AbilityDescriptionViewModel.swift; sourceTree = "<group>"; };
		65745E46294F94250005F1AB /* PokemonTypesView.swift */ = {isa = PBXFileReference; lastKnownFileType = sourcecode.swift; path = PokemonTypesView.swift; sourceTree = "<group>"; };
		65745E4A294FA8440005F1AB /* RemoteEquivalentPokemonsItem.swift */ = {isa = PBXFileReference; lastKnownFileType = sourcecode.swift; path = RemoteEquivalentPokemonsItem.swift; sourceTree = "<group>"; };
		65745E4D294FAD280005F1AB /* RemoteEquivalentPokemonsLoader.swift */ = {isa = PBXFileReference; lastKnownFileType = sourcecode.swift; path = RemoteEquivalentPokemonsLoader.swift; sourceTree = "<group>"; };
		65745E54294FAE910005F1AB /* EquivalentPokemonsLoader.swift */ = {isa = PBXFileReference; lastKnownFileType = sourcecode.swift; path = EquivalentPokemonsLoader.swift; sourceTree = "<group>"; };
		65745E57294FAFE70005F1AB /* EquivalentPokemonsMapper.swift */ = {isa = PBXFileReference; lastKnownFileType = sourcecode.swift; path = EquivalentPokemonsMapper.swift; sourceTree = "<group>"; };
		65745E5A294FB22F0005F1AB /* EquivalentPokemonsViewModel.swift */ = {isa = PBXFileReference; lastKnownFileType = sourcecode.swift; path = EquivalentPokemonsViewModel.swift; sourceTree = "<group>"; };
		65745E5D294FEB390005F1AB /* EquivalentPokemonViewController.swift */ = {isa = PBXFileReference; lastKnownFileType = sourcecode.swift; path = EquivalentPokemonViewController.swift; sourceTree = "<group>"; };
		65745E61295081620005F1AB /* RemotePokemonSpeciesItem.swift */ = {isa = PBXFileReference; lastKnownFileType = sourcecode.swift; path = RemotePokemonSpeciesItem.swift; sourceTree = "<group>"; };
		65745E64295082380005F1AB /* PokemonSpeciesItem.swift */ = {isa = PBXFileReference; lastKnownFileType = sourcecode.swift; path = PokemonSpeciesItem.swift; sourceTree = "<group>"; };
		65745E67295082B90005F1AB /* PokemonSpeciesLoader.swift */ = {isa = PBXFileReference; lastKnownFileType = sourcecode.swift; path = PokemonSpeciesLoader.swift; sourceTree = "<group>"; };
		65745E6A295083640005F1AB /* RemotePokemonSpeciesLoader.swift */ = {isa = PBXFileReference; lastKnownFileType = sourcecode.swift; path = RemotePokemonSpeciesLoader.swift; sourceTree = "<group>"; };
		65745E6D295085DC0005F1AB /* PokemonSpeciesMapper.swift */ = {isa = PBXFileReference; lastKnownFileType = sourcecode.swift; path = PokemonSpeciesMapper.swift; sourceTree = "<group>"; };
		65B7FD71294A0BAE0052F601 /* Pokedex.app */ = {isa = PBXFileReference; explicitFileType = wrapper.application; includeInIndex = 0; path = Pokedex.app; sourceTree = BUILT_PRODUCTS_DIR; };
		65B7FD74294A0BAE0052F601 /* AppDelegate.swift */ = {isa = PBXFileReference; lastKnownFileType = sourcecode.swift; path = AppDelegate.swift; sourceTree = "<group>"; };
		65B7FD76294A0BAE0052F601 /* SceneDelegate.swift */ = {isa = PBXFileReference; lastKnownFileType = sourcecode.swift; path = SceneDelegate.swift; sourceTree = "<group>"; };
		65B7FD7D294A0BB20052F601 /* Assets.xcassets */ = {isa = PBXFileReference; lastKnownFileType = folder.assetcatalog; path = Assets.xcassets; sourceTree = "<group>"; };
		65B7FD80294A0BB20052F601 /* Base */ = {isa = PBXFileReference; lastKnownFileType = file.storyboard; name = Base; path = Base.lproj/LaunchScreen.storyboard; sourceTree = "<group>"; };
		65B7FD82294A0BB20052F601 /* Info.plist */ = {isa = PBXFileReference; lastKnownFileType = text.plist.xml; path = Info.plist; sourceTree = "<group>"; };
		65B7FD87294A0BB30052F601 /* PokedexTests.xctest */ = {isa = PBXFileReference; explicitFileType = wrapper.cfbundle; includeInIndex = 0; path = PokedexTests.xctest; sourceTree = BUILT_PRODUCTS_DIR; };
		65B7FD8B294A0BB30052F601 /* PokedexListEndToEndTests.swift */ = {isa = PBXFileReference; lastKnownFileType = sourcecode.swift; path = PokedexListEndToEndTests.swift; sourceTree = "<group>"; };
		65B7FD91294A0BB30052F601 /* PokedexUITests.xctest */ = {isa = PBXFileReference; explicitFileType = wrapper.cfbundle; includeInIndex = 0; path = PokedexUITests.xctest; sourceTree = BUILT_PRODUCTS_DIR; };
		65B7FD95294A0BB30052F601 /* PokedexUITests.swift */ = {isa = PBXFileReference; lastKnownFileType = sourcecode.swift; path = PokedexUITests.swift; sourceTree = "<group>"; };
		65B7FD97294A0BB30052F601 /* PokedexUITestsLaunchTests.swift */ = {isa = PBXFileReference; lastKnownFileType = sourcecode.swift; path = PokedexUITestsLaunchTests.swift; sourceTree = "<group>"; };
		65B7FDB3294A4FAC0052F601 /* HTTPClient.swift */ = {isa = PBXFileReference; lastKnownFileType = sourcecode.swift; path = HTTPClient.swift; sourceTree = "<group>"; };
		65B7FDBA294A6B340052F601 /* PokemonListItem.swift */ = {isa = PBXFileReference; lastKnownFileType = sourcecode.swift; path = PokemonListItem.swift; sourceTree = "<group>"; };
		65B7FDBE294A6F220052F601 /* PokemonListLoader.swift */ = {isa = PBXFileReference; lastKnownFileType = sourcecode.swift; path = PokemonListLoader.swift; sourceTree = "<group>"; };
		65B7FDC1294B3CDF0052F601 /* AlamofireHTTPClient.swift */ = {isa = PBXFileReference; lastKnownFileType = sourcecode.swift; path = AlamofireHTTPClient.swift; sourceTree = "<group>"; };
		65B7FDC4294B3D1F0052F601 /* Endpoints.swift */ = {isa = PBXFileReference; lastKnownFileType = sourcecode.swift; path = Endpoints.swift; sourceTree = "<group>"; };
		65B7FDC7294B3D940052F601 /* RemotePokemonItem.swift */ = {isa = PBXFileReference; lastKnownFileType = sourcecode.swift; path = RemotePokemonItem.swift; sourceTree = "<group>"; };
		65B7FDCA294B3DCA0052F601 /* PokemonListMapper.swift */ = {isa = PBXFileReference; lastKnownFileType = sourcecode.swift; path = PokemonListMapper.swift; sourceTree = "<group>"; };
		65B7FDCD294B3DEE0052F601 /* RemotePokemonListLoader.swift */ = {isa = PBXFileReference; lastKnownFileType = sourcecode.swift; path = RemotePokemonListLoader.swift; sourceTree = "<group>"; };
		65B7FDD1294B47BA0052F601 /* PokemonListViewController.swift */ = {isa = PBXFileReference; lastKnownFileType = sourcecode.swift; path = PokemonListViewController.swift; sourceTree = "<group>"; };
		65B7FDE3294B4DE10052F601 /* PokemonListViewModel.swift */ = {isa = PBXFileReference; lastKnownFileType = sourcecode.swift; path = PokemonListViewModel.swift; sourceTree = "<group>"; };
		65B7FDE7294B4E870052F601 /* RootCoordinator.swift */ = {isa = PBXFileReference; lastKnownFileType = sourcecode.swift; path = RootCoordinator.swift; sourceTree = "<group>"; };
		65B7FDF3294B700E0052F601 /* PokemonListCell.swift */ = {isa = PBXFileReference; lastKnownFileType = sourcecode.swift; path = PokemonListCell.swift; sourceTree = "<group>"; };
		65B7FDFA294BA5900052F601 /* ViewCode.swift */ = {isa = PBXFileReference; lastKnownFileType = sourcecode.swift; path = ViewCode.swift; sourceTree = "<group>"; };
		65B7FDFE294CBFC60052F601 /* Localizable.strings */ = {isa = PBXFileReference; fileEncoding = 4; lastKnownFileType = text.plist.strings; path = Localizable.strings; sourceTree = "<group>"; };
		65B7FE01294CC4830052F601 /* PokemonDetailsLoader.swift */ = {isa = PBXFileReference; lastKnownFileType = sourcecode.swift; path = PokemonDetailsLoader.swift; sourceTree = "<group>"; };
		65B7FE04294CC6270052F601 /* PokemonDetailsItem.swift */ = {isa = PBXFileReference; lastKnownFileType = sourcecode.swift; path = PokemonDetailsItem.swift; sourceTree = "<group>"; };
		65B7FE09294CC73C0052F601 /* RemotePokemonDetailsLoader.swift */ = {isa = PBXFileReference; lastKnownFileType = sourcecode.swift; path = RemotePokemonDetailsLoader.swift; sourceTree = "<group>"; };
		65B7FE0E294CCAB40052F601 /* RemotePokemonDetails.swift */ = {isa = PBXFileReference; lastKnownFileType = sourcecode.swift; path = RemotePokemonDetails.swift; sourceTree = "<group>"; };
		65B7FE11294CCB410052F601 /* PokemonDetailsMapper.swift */ = {isa = PBXFileReference; lastKnownFileType = sourcecode.swift; path = PokemonDetailsMapper.swift; sourceTree = "<group>"; };
		65B7FE14294D373C0052F601 /* PokemonDetailsViewController.swift */ = {isa = PBXFileReference; lastKnownFileType = sourcecode.swift; path = PokemonDetailsViewController.swift; sourceTree = "<group>"; };
		65B7FE17294D37DF0052F601 /* PokemonDetailsViewModel.swift */ = {isa = PBXFileReference; lastKnownFileType = sourcecode.swift; path = PokemonDetailsViewModel.swift; sourceTree = "<group>"; };
		65B7FE1C294DCEB60052F601 /* CarouselCell.swift */ = {isa = PBXFileReference; lastKnownFileType = sourcecode.swift; path = CarouselCell.swift; sourceTree = "<group>"; };
		65B7FE1F294DCF230052F601 /* CarouselView.swift */ = {isa = PBXFileReference; lastKnownFileType = sourcecode.swift; path = CarouselView.swift; sourceTree = "<group>"; };
		65B8F95B294F1685006FA18C /* PokemonStatsView.swift */ = {isa = PBXFileReference; lastKnownFileType = sourcecode.swift; path = PokemonStatsView.swift; sourceTree = "<group>"; };
		65B8F95E294F2657006FA18C /* PokemonAbilitiesView.swift */ = {isa = PBXFileReference; lastKnownFileType = sourcecode.swift; path = PokemonAbilitiesView.swift; sourceTree = "<group>"; };
/* End PBXFileReference section */

/* Begin PBXFrameworksBuildPhase section */
		65B7FD6E294A0BAE0052F601 /* Frameworks */ = {
			isa = PBXFrameworksBuildPhase;
			buildActionMask = 2147483647;
			files = (
				65B7FDEF294B63AF0052F601 /* RxCocoa in Frameworks */,
				65B7FDEC294B635A0052F601 /* SDWebImage in Frameworks */,
				65B7FDF1294B63AF0052F601 /* RxSwift in Frameworks */,
				65B7FDB8294A52890052F601 /* Alamofire in Frameworks */,
			);
			runOnlyForDeploymentPostprocessing = 0;
		};
		65B7FD84294A0BB30052F601 /* Frameworks */ = {
			isa = PBXFrameworksBuildPhase;
			buildActionMask = 2147483647;
			files = (
			);
			runOnlyForDeploymentPostprocessing = 0;
		};
		65B7FD8E294A0BB30052F601 /* Frameworks */ = {
			isa = PBXFrameworksBuildPhase;
			buildActionMask = 2147483647;
			files = (
			);
			runOnlyForDeploymentPostprocessing = 0;
		};
/* End PBXFrameworksBuildPhase section */

/* Begin PBXGroup section */
		65745E39294F673F0005F1AB /* Abilities */ = {
			isa = PBXGroup;
			children = (
				65745E3A294F686E0005F1AB /* RemoteAbilitiesLoader.swift */,
				65745E3D294F69530005F1AB /* AbilitiesDescriptionMapper.swift */,
				65745E40294F69900005F1AB /* RemoteAbilityItem.swift */,
			);
			path = Abilities;
			sourceTree = "<group>";
		};
		65745E49294FA68E0005F1AB /* Types */ = {
			isa = PBXGroup;
			children = (
				65745E4A294FA8440005F1AB /* RemoteEquivalentPokemonsItem.swift */,
				65745E4D294FAD280005F1AB /* RemoteEquivalentPokemonsLoader.swift */,
				65745E57294FAFE70005F1AB /* EquivalentPokemonsMapper.swift */,
			);
			path = Types;
			sourceTree = "<group>";
		};
		65745E50294FAD6A0005F1AB /* EquivalentPokemons */ = {
			isa = PBXGroup;
			children = (
				65745E54294FAE910005F1AB /* EquivalentPokemonsLoader.swift */,
			);
			path = EquivalentPokemons;
			sourceTree = "<group>";
		};
		65745E60295080DD0005F1AB /* Varieties */ = {
			isa = PBXGroup;
			children = (
				65745E61295081620005F1AB /* RemotePokemonSpeciesItem.swift */,
				65745E6A295083640005F1AB /* RemotePokemonSpeciesLoader.swift */,
				65745E6D295085DC0005F1AB /* PokemonSpeciesMapper.swift */,
			);
			path = Varieties;
			sourceTree = "<group>";
		};
		65B7FD68294A0BAE0052F601 = {
			isa = PBXGroup;
			children = (
				65B7FD73294A0BAE0052F601 /* Pokedex */,
				65B7FD8A294A0BB30052F601 /* PokedexTests */,
				65B7FD94294A0BB30052F601 /* PokedexUITests */,
				65B7FD72294A0BAE0052F601 /* Products */,
			);
			sourceTree = "<group>";
		};
		65B7FD72294A0BAE0052F601 /* Products */ = {
			isa = PBXGroup;
			children = (
				65B7FD71294A0BAE0052F601 /* Pokedex.app */,
				65B7FD87294A0BB30052F601 /* PokedexTests.xctest */,
				65B7FD91294A0BB30052F601 /* PokedexUITests.xctest */,
			);
			name = Products;
			sourceTree = "<group>";
		};
		65B7FD73294A0BAE0052F601 /* Pokedex */ = {
			isa = PBXGroup;
			children = (
				65B7FDFD294CBF670052F601 /* Utils */,
				65B7FDF9294BA48E0052F601 /* Commons */,
				65B7FDF2294B6FEE0052F601 /* Views */,
				65B7FDE6294B4E750052F601 /* Coordinator */,
				65B7FDD0294B476D0052F601 /* Controllers */,
				65B7FDBD294A6EBE0052F601 /* Pokemon Feature */,
				65B7FDB9294A6B0D0052F601 /* ViewModel */,
				65B7FDB2294A4F8E0052F601 /* Networking */,
				65B7FD74294A0BAE0052F601 /* AppDelegate.swift */,
				65B7FD76294A0BAE0052F601 /* SceneDelegate.swift */,
				65B7FD7F294A0BB20052F601 /* LaunchScreen.storyboard */,
				65B7FD82294A0BB20052F601 /* Info.plist */,
			);
			path = Pokedex;
			sourceTree = "<group>";
		};
		65B7FD8A294A0BB30052F601 /* PokedexTests */ = {
			isa = PBXGroup;
			children = (
				65B7FD8B294A0BB30052F601 /* PokedexListEndToEndTests.swift */,
			);
			path = PokedexTests;
			sourceTree = "<group>";
		};
		65B7FD94294A0BB30052F601 /* PokedexUITests */ = {
			isa = PBXGroup;
			children = (
				65B7FD95294A0BB30052F601 /* PokedexUITests.swift */,
				65B7FD97294A0BB30052F601 /* PokedexUITestsLaunchTests.swift */,
			);
			path = PokedexUITests;
			sourceTree = "<group>";
		};
		65B7FDB2294A4F8E0052F601 /* Networking */ = {
			isa = PBXGroup;
			children = (
				65B7FE08294CC7030052F601 /* PokemonDetails */,
				65B7FE07294CC6D80052F601 /* PokemonList */,
				65B7FDB3294A4FAC0052F601 /* HTTPClient.swift */,
				65B7FDC1294B3CDF0052F601 /* AlamofireHTTPClient.swift */,
				65B7FDC4294B3D1F0052F601 /* Endpoints.swift */,
			);
			path = Networking;
			sourceTree = "<group>";
		};
		65B7FDB9294A6B0D0052F601 /* ViewModel */ = {
			isa = PBXGroup;
			children = (
				65B7FDE3294B4DE10052F601 /* PokemonListViewModel.swift */,
				65B7FE17294D37DF0052F601 /* PokemonDetailsViewModel.swift */,
				65745E43294F73280005F1AB /* AbilityDescriptionViewModel.swift */,
				65745E5A294FB22F0005F1AB /* EquivalentPokemonsViewModel.swift */,
			);
			path = ViewModel;
			sourceTree = "<group>";
		};
		65B7FDBD294A6EBE0052F601 /* Pokemon Feature */ = {
			isa = PBXGroup;
			children = (
				65745E50294FAD6A0005F1AB /* EquivalentPokemons */,
				65B7FE0D294CC7720052F601 /* PokemonList */,
				65B7FE0C294CC7680052F601 /* PokemonDetails */,
			);
			path = "Pokemon Feature";
			sourceTree = "<group>";
		};
		65B7FDD0294B476D0052F601 /* Controllers */ = {
			isa = PBXGroup;
			children = (
				65B7FDD1294B47BA0052F601 /* PokemonListViewController.swift */,
				65B7FE14294D373C0052F601 /* PokemonDetailsViewController.swift */,
				65745E5D294FEB390005F1AB /* EquivalentPokemonViewController.swift */,
			);
			path = Controllers;
			sourceTree = "<group>";
		};
		65B7FDE6294B4E750052F601 /* Coordinator */ = {
			isa = PBXGroup;
			children = (
				65B7FDE7294B4E870052F601 /* RootCoordinator.swift */,
			);
			path = Coordinator;
			sourceTree = "<group>";
		};
		65B7FDF2294B6FEE0052F601 /* Views */ = {
			isa = PBXGroup;
			children = (
				65B7FE1B294DCE750052F601 /* Carousel */,
				65B7FDF3294B700E0052F601 /* PokemonListCell.swift */,
				65B8F95B294F1685006FA18C /* PokemonStatsView.swift */,
				65B8F95E294F2657006FA18C /* PokemonAbilitiesView.swift */,
				65745E30294F60370005F1AB /* AbilityDescriptionView.swift */,
				65745E46294F94250005F1AB /* PokemonTypesView.swift */,
			);
			path = Views;
			sourceTree = "<group>";
		};
		65B7FDF9294BA48E0052F601 /* Commons */ = {
			isa = PBXGroup;
			children = (
				65B7FDFA294BA5900052F601 /* ViewCode.swift */,
			);
			path = Commons;
			sourceTree = "<group>";
		};
		65B7FDFD294CBF670052F601 /* Utils */ = {
			isa = PBXGroup;
			children = (
				65B7FD7D294A0BB20052F601 /* Assets.xcassets */,
				65B7FDFE294CBFC60052F601 /* Localizable.strings */,
			);
			path = Utils;
			sourceTree = "<group>";
		};
		65B7FE07294CC6D80052F601 /* PokemonList */ = {
			isa = PBXGroup;
			children = (
				65B7FDCA294B3DCA0052F601 /* PokemonListMapper.swift */,
				65B7FDC7294B3D940052F601 /* RemotePokemonItem.swift */,
				65B7FDCD294B3DEE0052F601 /* RemotePokemonListLoader.swift */,
			);
			path = PokemonList;
			sourceTree = "<group>";
		};
		65B7FE08294CC7030052F601 /* PokemonDetails */ = {
			isa = PBXGroup;
			children = (
				65745E60295080DD0005F1AB /* Varieties */,
				65745E49294FA68E0005F1AB /* Types */,
				65745E39294F673F0005F1AB /* Abilities */,
				65B7FE09294CC73C0052F601 /* RemotePokemonDetailsLoader.swift */,
				65B7FE0E294CCAB40052F601 /* RemotePokemonDetails.swift */,
				65B7FE11294CCB410052F601 /* PokemonDetailsMapper.swift */,
			);
			path = PokemonDetails;
			sourceTree = "<group>";
		};
		65B7FE0C294CC7680052F601 /* PokemonDetails */ = {
			isa = PBXGroup;
			children = (
				65B7FE04294CC6270052F601 /* PokemonDetailsItem.swift */,
				65B7FE01294CC4830052F601 /* PokemonDetailsLoader.swift */,
				65745E33294F66EC0005F1AB /* AbilityItem.swift */,
				65745E36294F67160005F1AB /* AbilityDescriptionLoader.swift */,
				65745E64295082380005F1AB /* PokemonSpeciesItem.swift */,
				65745E67295082B90005F1AB /* PokemonSpeciesLoader.swift */,
			);
			path = PokemonDetails;
			sourceTree = "<group>";
		};
		65B7FE0D294CC7720052F601 /* PokemonList */ = {
			isa = PBXGroup;
			children = (
				65B7FDBA294A6B340052F601 /* PokemonListItem.swift */,
				65B7FDBE294A6F220052F601 /* PokemonListLoader.swift */,
			);
			path = PokemonList;
			sourceTree = "<group>";
		};
		65B7FE1B294DCE750052F601 /* Carousel */ = {
			isa = PBXGroup;
			children = (
				65B7FE1C294DCEB60052F601 /* CarouselCell.swift */,
				65B7FE1F294DCF230052F601 /* CarouselView.swift */,
			);
			path = Carousel;
			sourceTree = "<group>";
		};
/* End PBXGroup section */

/* Begin PBXNativeTarget section */
		65B7FD70294A0BAE0052F601 /* Pokedex */ = {
			isa = PBXNativeTarget;
			buildConfigurationList = 65B7FD9B294A0BB30052F601 /* Build configuration list for PBXNativeTarget "Pokedex" */;
			buildPhases = (
				65B7FD6D294A0BAE0052F601 /* Sources */,
				65B7FD6E294A0BAE0052F601 /* Frameworks */,
				65B7FD6F294A0BAE0052F601 /* Resources */,
			);
			buildRules = (
			);
			dependencies = (
			);
			name = Pokedex;
			packageProductDependencies = (
				65B7FDB7294A52890052F601 /* Alamofire */,
				65B7FDEB294B635A0052F601 /* SDWebImage */,
				65B7FDEE294B63AF0052F601 /* RxCocoa */,
				65B7FDF0294B63AF0052F601 /* RxSwift */,
			);
			productName = Pokedex;
			productReference = 65B7FD71294A0BAE0052F601 /* Pokedex.app */;
			productType = "com.apple.product-type.application";
		};
		65B7FD86294A0BB30052F601 /* PokedexTests */ = {
			isa = PBXNativeTarget;
			buildConfigurationList = 65B7FD9E294A0BB30052F601 /* Build configuration list for PBXNativeTarget "PokedexTests" */;
			buildPhases = (
				65B7FD83294A0BB30052F601 /* Sources */,
				65B7FD84294A0BB30052F601 /* Frameworks */,
				65B7FD85294A0BB30052F601 /* Resources */,
			);
			buildRules = (
			);
			dependencies = (
				65B7FD89294A0BB30052F601 /* PBXTargetDependency */,
			);
			name = PokedexTests;
			productName = PokedexTests;
			productReference = 65B7FD87294A0BB30052F601 /* PokedexTests.xctest */;
			productType = "com.apple.product-type.bundle.unit-test";
		};
		65B7FD90294A0BB30052F601 /* PokedexUITests */ = {
			isa = PBXNativeTarget;
			buildConfigurationList = 65B7FDA1294A0BB30052F601 /* Build configuration list for PBXNativeTarget "PokedexUITests" */;
			buildPhases = (
				65B7FD8D294A0BB30052F601 /* Sources */,
				65B7FD8E294A0BB30052F601 /* Frameworks */,
				65B7FD8F294A0BB30052F601 /* Resources */,
			);
			buildRules = (
			);
			dependencies = (
				65B7FD93294A0BB30052F601 /* PBXTargetDependency */,
			);
			name = PokedexUITests;
			productName = PokedexUITests;
			productReference = 65B7FD91294A0BB30052F601 /* PokedexUITests.xctest */;
			productType = "com.apple.product-type.bundle.ui-testing";
		};
/* End PBXNativeTarget section */

/* Begin PBXProject section */
		65B7FD69294A0BAE0052F601 /* Project object */ = {
			isa = PBXProject;
			attributes = {
				BuildIndependentTargetsInParallel = 1;
				LastSwiftUpdateCheck = 1340;
				LastUpgradeCheck = 1340;
				TargetAttributes = {
					65B7FD70294A0BAE0052F601 = {
						CreatedOnToolsVersion = 13.4.1;
					};
					65B7FD86294A0BB30052F601 = {
						CreatedOnToolsVersion = 13.4.1;
						TestTargetID = 65B7FD70294A0BAE0052F601;
					};
					65B7FD90294A0BB30052F601 = {
						CreatedOnToolsVersion = 13.4.1;
						TestTargetID = 65B7FD70294A0BAE0052F601;
					};
				};
			};
			buildConfigurationList = 65B7FD6C294A0BAE0052F601 /* Build configuration list for PBXProject "Pokedex" */;
			compatibilityVersion = "Xcode 13.0";
			developmentRegion = en;
			hasScannedForEncodings = 0;
			knownRegions = (
				en,
				Base,
			);
			mainGroup = 65B7FD68294A0BAE0052F601;
			packageReferences = (
				65B7FDB6294A52890052F601 /* XCRemoteSwiftPackageReference "Alamofire" */,
				65B7FDEA294B635A0052F601 /* XCRemoteSwiftPackageReference "SDWebImage" */,
				65B7FDED294B63AF0052F601 /* XCRemoteSwiftPackageReference "RxSwift" */,
			);
			productRefGroup = 65B7FD72294A0BAE0052F601 /* Products */;
			projectDirPath = "";
			projectRoot = "";
			targets = (
				65B7FD70294A0BAE0052F601 /* Pokedex */,
				65B7FD86294A0BB30052F601 /* PokedexTests */,
				65B7FD90294A0BB30052F601 /* PokedexUITests */,
			);
		};
/* End PBXProject section */

/* Begin PBXResourcesBuildPhase section */
		65B7FD6F294A0BAE0052F601 /* Resources */ = {
			isa = PBXResourcesBuildPhase;
			buildActionMask = 2147483647;
			files = (
				65B7FD81294A0BB20052F601 /* LaunchScreen.storyboard in Resources */,
				65B7FDFF294CBFC60052F601 /* Localizable.strings in Resources */,
				65B7FD7E294A0BB20052F601 /* Assets.xcassets in Resources */,
			);
			runOnlyForDeploymentPostprocessing = 0;
		};
		65B7FD85294A0BB30052F601 /* Resources */ = {
			isa = PBXResourcesBuildPhase;
			buildActionMask = 2147483647;
			files = (
				65B7FE00294CBFC60052F601 /* Localizable.strings in Resources */,
			);
			runOnlyForDeploymentPostprocessing = 0;
		};
		65B7FD8F294A0BB30052F601 /* Resources */ = {
			isa = PBXResourcesBuildPhase;
			buildActionMask = 2147483647;
			files = (
			);
			runOnlyForDeploymentPostprocessing = 0;
		};
/* End PBXResourcesBuildPhase section */

/* Begin PBXSourcesBuildPhase section */
		65B7FD6D294A0BAE0052F601 /* Sources */ = {
			isa = PBXSourcesBuildPhase;
			buildActionMask = 2147483647;
			files = (
				65745E37294F67160005F1AB /* AbilityDescriptionLoader.swift in Sources */,
				65B7FDBB294A6B340052F601 /* PokemonListItem.swift in Sources */,
				65745E58294FAFE70005F1AB /* EquivalentPokemonsMapper.swift in Sources */,
				65745E65295082380005F1AB /* PokemonSpeciesItem.swift in Sources */,
				65B8F95F294F2657006FA18C /* PokemonAbilitiesView.swift in Sources */,
				65B7FE12294CCB410052F601 /* PokemonDetailsMapper.swift in Sources */,
				65B7FDC2294B3CDF0052F601 /* AlamofireHTTPClient.swift in Sources */,
				65B7FDBF294A6F220052F601 /* PokemonListLoader.swift in Sources */,
				65745E44294F73280005F1AB /* AbilityDescriptionViewModel.swift in Sources */,
				65B7FD75294A0BAE0052F601 /* AppDelegate.swift in Sources */,
				65745E47294F94250005F1AB /* PokemonTypesView.swift in Sources */,
				65B7FDE4294B4DE10052F601 /* PokemonListViewModel.swift in Sources */,
				65B7FDE8294B4E870052F601 /* RootCoordinator.swift in Sources */,
				65B7FDB4294A4FAC0052F601 /* HTTPClient.swift in Sources */,
				65745E55294FAE910005F1AB /* EquivalentPokemonsLoader.swift in Sources */,
				65B7FDF4294B700E0052F601 /* PokemonListCell.swift in Sources */,
				65745E6E295085DC0005F1AB /* PokemonSpeciesMapper.swift in Sources */,
				65B7FDCB294B3DCA0052F601 /* PokemonListMapper.swift in Sources */,
				65745E31294F60370005F1AB /* AbilityDescriptionView.swift in Sources */,
				65745E3E294F69530005F1AB /* AbilitiesDescriptionMapper.swift in Sources */,
				65B7FDC5294B3D1F0052F601 /* Endpoints.swift in Sources */,
				65B7FE15294D373D0052F601 /* PokemonDetailsViewController.swift in Sources */,
				65745E3B294F686E0005F1AB /* RemoteAbilitiesLoader.swift in Sources */,
				65745E62295081620005F1AB /* RemotePokemonSpeciesItem.swift in Sources */,
				65B7FE05294CC6270052F601 /* PokemonDetailsItem.swift in Sources */,
				65B7FE18294D37DF0052F601 /* PokemonDetailsViewModel.swift in Sources */,
				65B7FDC8294B3D940052F601 /* RemotePokemonItem.swift in Sources */,
				65745E5E294FEB390005F1AB /* EquivalentPokemonViewController.swift in Sources */,
				65B7FE02294CC4830052F601 /* PokemonDetailsLoader.swift in Sources */,
				65B7FDFB294BA5900052F601 /* ViewCode.swift in Sources */,
				65B7FE0F294CCAB40052F601 /* RemotePokemonDetails.swift in Sources */,
				65B7FE0A294CC73C0052F601 /* RemotePokemonDetailsLoader.swift in Sources */,
				65B8F95C294F1685006FA18C /* PokemonStatsView.swift in Sources */,
				65B7FDCE294B3DEE0052F601 /* RemotePokemonListLoader.swift in Sources */,
				65745E4E294FAD280005F1AB /* RemoteEquivalentPokemonsLoader.swift in Sources */,
				65745E6B295083640005F1AB /* RemotePokemonSpeciesLoader.swift in Sources */,
				65B7FDD3294B47BA0052F601 /* PokemonListViewController.swift in Sources */,
				65745E41294F69900005F1AB /* RemoteAbilityItem.swift in Sources */,
				65745E68295082B90005F1AB /* PokemonSpeciesLoader.swift in Sources */,
				65B7FE1D294DCEB60052F601 /* CarouselCell.swift in Sources */,
				65745E34294F66EC0005F1AB /* AbilityItem.swift in Sources */,
				65B7FE20294DCF230052F601 /* CarouselView.swift in Sources */,
				65745E4B294FA8450005F1AB /* RemoteEquivalentPokemonsItem.swift in Sources */,
				65745E5B294FB22F0005F1AB /* EquivalentPokemonsViewModel.swift in Sources */,
				65B7FD77294A0BAE0052F601 /* SceneDelegate.swift in Sources */,
			);
			runOnlyForDeploymentPostprocessing = 0;
		};
		65B7FD83294A0BB30052F601 /* Sources */ = {
			isa = PBXSourcesBuildPhase;
			buildActionMask = 2147483647;
			files = (
				65745E6C295083640005F1AB /* RemotePokemonSpeciesLoader.swift in Sources */,
				65B7FDC9294B3D940052F601 /* RemotePokemonItem.swift in Sources */,
				65B7FE06294CC6270052F601 /* PokemonDetailsItem.swift in Sources */,
				65B7FDBC294A6B340052F601 /* PokemonListItem.swift in Sources */,
				65B7FDB5294A4FAC0052F601 /* HTTPClient.swift in Sources */,
				65745E3F294F69530005F1AB /* AbilitiesDescriptionMapper.swift in Sources */,
				65B7FDFC294BA5900052F601 /* ViewCode.swift in Sources */,
				65B8F960294F2658006FA18C /* PokemonAbilitiesView.swift in Sources */,
				65B7FDCF294B3DEE0052F601 /* RemotePokemonListLoader.swift in Sources */,
				65B7FE13294CCB420052F601 /* PokemonDetailsMapper.swift in Sources */,
				65745E63295081620005F1AB /* RemotePokemonSpeciesItem.swift in Sources */,
				65745E4C294FA8450005F1AB /* RemoteEquivalentPokemonsItem.swift in Sources */,
				65B7FDF5294B700E0052F601 /* PokemonListCell.swift in Sources */,
				65745E48294F94250005F1AB /* PokemonTypesView.swift in Sources */,
				65B7FDE9294B4E870052F601 /* RootCoordinator.swift in Sources */,
				65B7FE03294CC4830052F601 /* PokemonDetailsLoader.swift in Sources */,
				65745E5F294FEB390005F1AB /* EquivalentPokemonViewController.swift in Sources */,
				65B7FDC0294A6F220052F601 /* PokemonListLoader.swift in Sources */,
				65B7FE16294D373D0052F601 /* PokemonDetailsViewController.swift in Sources */,
				65745E45294F73280005F1AB /* AbilityDescriptionViewModel.swift in Sources */,
				65745E5C294FB22F0005F1AB /* EquivalentPokemonsViewModel.swift in Sources */,
				65B8F95D294F1685006FA18C /* PokemonStatsView.swift in Sources */,
				65745E38294F67160005F1AB /* AbilityDescriptionLoader.swift in Sources */,
				65745E3C294F686E0005F1AB /* RemoteAbilitiesLoader.swift in Sources */,
				65B7FE10294CCAB40052F601 /* RemotePokemonDetails.swift in Sources */,
				65B7FE1E294DCEB60052F601 /* CarouselCell.swift in Sources */,
				65B7FDCC294B3DCA0052F601 /* PokemonListMapper.swift in Sources */,
				65745E32294F60370005F1AB /* AbilityDescriptionView.swift in Sources */,
				65745E66295082380005F1AB /* PokemonSpeciesItem.swift in Sources */,
				65745E56294FAE910005F1AB /* EquivalentPokemonsLoader.swift in Sources */,
				65B7FD8C294A0BB30052F601 /* PokedexListEndToEndTests.swift in Sources */,
				65B7FDC6294B3D1F0052F601 /* Endpoints.swift in Sources */,
				65745E69295082B90005F1AB /* PokemonSpeciesLoader.swift in Sources */,
				65745E42294F69900005F1AB /* RemoteAbilityItem.swift in Sources */,
				65B7FE19294D37DF0052F601 /* PokemonDetailsViewModel.swift in Sources */,
				65745E35294F66EC0005F1AB /* AbilityItem.swift in Sources */,
				65B7FDE5294B4DE10052F601 /* PokemonListViewModel.swift in Sources */,
				65B7FDD4294B47BA0052F601 /* PokemonListViewController.swift in Sources */,
				65745E4F294FAD280005F1AB /* RemoteEquivalentPokemonsLoader.swift in Sources */,
				65745E59294FAFE70005F1AB /* EquivalentPokemonsMapper.swift in Sources */,
				65B7FDC3294B3CE00052F601 /* AlamofireHTTPClient.swift in Sources */,
				65B7FE0B294CC73C0052F601 /* RemotePokemonDetailsLoader.swift in Sources */,
				65B7FE21294DCF230052F601 /* CarouselView.swift in Sources */,
				65745E6F295085DD0005F1AB /* PokemonSpeciesMapper.swift in Sources */,
			);
			runOnlyForDeploymentPostprocessing = 0;
		};
		65B7FD8D294A0BB30052F601 /* Sources */ = {
			isa = PBXSourcesBuildPhase;
			buildActionMask = 2147483647;
			files = (
				65B7FD96294A0BB30052F601 /* PokedexUITests.swift in Sources */,
				65B7FD98294A0BB30052F601 /* PokedexUITestsLaunchTests.swift in Sources */,
			);
			runOnlyForDeploymentPostprocessing = 0;
		};
/* End PBXSourcesBuildPhase section */

/* Begin PBXTargetDependency section */
		65B7FD89294A0BB30052F601 /* PBXTargetDependency */ = {
			isa = PBXTargetDependency;
			target = 65B7FD70294A0BAE0052F601 /* Pokedex */;
			targetProxy = 65B7FD88294A0BB30052F601 /* PBXContainerItemProxy */;
		};
		65B7FD93294A0BB30052F601 /* PBXTargetDependency */ = {
			isa = PBXTargetDependency;
			target = 65B7FD70294A0BAE0052F601 /* Pokedex */;
			targetProxy = 65B7FD92294A0BB30052F601 /* PBXContainerItemProxy */;
		};
/* End PBXTargetDependency section */

/* Begin PBXVariantGroup section */
		65B7FD7F294A0BB20052F601 /* LaunchScreen.storyboard */ = {
			isa = PBXVariantGroup;
			children = (
				65B7FD80294A0BB20052F601 /* Base */,
			);
			name = LaunchScreen.storyboard;
			sourceTree = "<group>";
		};
/* End PBXVariantGroup section */

/* Begin XCBuildConfiguration section */
		65B7FD99294A0BB30052F601 /* Debug */ = {
			isa = XCBuildConfiguration;
			buildSettings = {
				ALWAYS_SEARCH_USER_PATHS = NO;
				CLANG_ANALYZER_NONNULL = YES;
				CLANG_ANALYZER_NUMBER_OBJECT_CONVERSION = YES_AGGRESSIVE;
				CLANG_CXX_LANGUAGE_STANDARD = "gnu++17";
				CLANG_ENABLE_MODULES = YES;
				CLANG_ENABLE_OBJC_ARC = YES;
				CLANG_ENABLE_OBJC_WEAK = YES;
				CLANG_WARN_BLOCK_CAPTURE_AUTORELEASING = YES;
				CLANG_WARN_BOOL_CONVERSION = YES;
				CLANG_WARN_COMMA = YES;
				CLANG_WARN_CONSTANT_CONVERSION = YES;
				CLANG_WARN_DEPRECATED_OBJC_IMPLEMENTATIONS = YES;
				CLANG_WARN_DIRECT_OBJC_ISA_USAGE = YES_ERROR;
				CLANG_WARN_DOCUMENTATION_COMMENTS = YES;
				CLANG_WARN_EMPTY_BODY = YES;
				CLANG_WARN_ENUM_CONVERSION = YES;
				CLANG_WARN_INFINITE_RECURSION = YES;
				CLANG_WARN_INT_CONVERSION = YES;
				CLANG_WARN_NON_LITERAL_NULL_CONVERSION = YES;
				CLANG_WARN_OBJC_IMPLICIT_RETAIN_SELF = YES;
				CLANG_WARN_OBJC_LITERAL_CONVERSION = YES;
				CLANG_WARN_OBJC_ROOT_CLASS = YES_ERROR;
				CLANG_WARN_QUOTED_INCLUDE_IN_FRAMEWORK_HEADER = YES;
				CLANG_WARN_RANGE_LOOP_ANALYSIS = YES;
				CLANG_WARN_STRICT_PROTOTYPES = YES;
				CLANG_WARN_SUSPICIOUS_MOVE = YES;
				CLANG_WARN_UNGUARDED_AVAILABILITY = YES_AGGRESSIVE;
				CLANG_WARN_UNREACHABLE_CODE = YES;
				CLANG_WARN__DUPLICATE_METHOD_MATCH = YES;
				COPY_PHASE_STRIP = NO;
				DEBUG_INFORMATION_FORMAT = dwarf;
				ENABLE_STRICT_OBJC_MSGSEND = YES;
				ENABLE_TESTABILITY = YES;
				GCC_C_LANGUAGE_STANDARD = gnu11;
				GCC_DYNAMIC_NO_PIC = NO;
				GCC_NO_COMMON_BLOCKS = YES;
				GCC_OPTIMIZATION_LEVEL = 0;
				GCC_PREPROCESSOR_DEFINITIONS = (
					"DEBUG=1",
					"$(inherited)",
				);
				GCC_WARN_64_TO_32_BIT_CONVERSION = YES;
				GCC_WARN_ABOUT_RETURN_TYPE = YES_ERROR;
				GCC_WARN_UNDECLARED_SELECTOR = YES;
				GCC_WARN_UNINITIALIZED_AUTOS = YES_AGGRESSIVE;
				GCC_WARN_UNUSED_FUNCTION = YES;
				GCC_WARN_UNUSED_VARIABLE = YES;
				IPHONEOS_DEPLOYMENT_TARGET = 15.5;
				MTL_ENABLE_DEBUG_INFO = INCLUDE_SOURCE;
				MTL_FAST_MATH = YES;
				ONLY_ACTIVE_ARCH = YES;
				SDKROOT = iphoneos;
				SWIFT_ACTIVE_COMPILATION_CONDITIONS = DEBUG;
				SWIFT_OPTIMIZATION_LEVEL = "-Onone";
			};
			name = Debug;
		};
		65B7FD9A294A0BB30052F601 /* Release */ = {
			isa = XCBuildConfiguration;
			buildSettings = {
				ALWAYS_SEARCH_USER_PATHS = NO;
				CLANG_ANALYZER_NONNULL = YES;
				CLANG_ANALYZER_NUMBER_OBJECT_CONVERSION = YES_AGGRESSIVE;
				CLANG_CXX_LANGUAGE_STANDARD = "gnu++17";
				CLANG_ENABLE_MODULES = YES;
				CLANG_ENABLE_OBJC_ARC = YES;
				CLANG_ENABLE_OBJC_WEAK = YES;
				CLANG_WARN_BLOCK_CAPTURE_AUTORELEASING = YES;
				CLANG_WARN_BOOL_CONVERSION = YES;
				CLANG_WARN_COMMA = YES;
				CLANG_WARN_CONSTANT_CONVERSION = YES;
				CLANG_WARN_DEPRECATED_OBJC_IMPLEMENTATIONS = YES;
				CLANG_WARN_DIRECT_OBJC_ISA_USAGE = YES_ERROR;
				CLANG_WARN_DOCUMENTATION_COMMENTS = YES;
				CLANG_WARN_EMPTY_BODY = YES;
				CLANG_WARN_ENUM_CONVERSION = YES;
				CLANG_WARN_INFINITE_RECURSION = YES;
				CLANG_WARN_INT_CONVERSION = YES;
				CLANG_WARN_NON_LITERAL_NULL_CONVERSION = YES;
				CLANG_WARN_OBJC_IMPLICIT_RETAIN_SELF = YES;
				CLANG_WARN_OBJC_LITERAL_CONVERSION = YES;
				CLANG_WARN_OBJC_ROOT_CLASS = YES_ERROR;
				CLANG_WARN_QUOTED_INCLUDE_IN_FRAMEWORK_HEADER = YES;
				CLANG_WARN_RANGE_LOOP_ANALYSIS = YES;
				CLANG_WARN_STRICT_PROTOTYPES = YES;
				CLANG_WARN_SUSPICIOUS_MOVE = YES;
				CLANG_WARN_UNGUARDED_AVAILABILITY = YES_AGGRESSIVE;
				CLANG_WARN_UNREACHABLE_CODE = YES;
				CLANG_WARN__DUPLICATE_METHOD_MATCH = YES;
				COPY_PHASE_STRIP = NO;
				DEBUG_INFORMATION_FORMAT = "dwarf-with-dsym";
				ENABLE_NS_ASSERTIONS = NO;
				ENABLE_STRICT_OBJC_MSGSEND = YES;
				GCC_C_LANGUAGE_STANDARD = gnu11;
				GCC_NO_COMMON_BLOCKS = YES;
				GCC_WARN_64_TO_32_BIT_CONVERSION = YES;
				GCC_WARN_ABOUT_RETURN_TYPE = YES_ERROR;
				GCC_WARN_UNDECLARED_SELECTOR = YES;
				GCC_WARN_UNINITIALIZED_AUTOS = YES_AGGRESSIVE;
				GCC_WARN_UNUSED_FUNCTION = YES;
				GCC_WARN_UNUSED_VARIABLE = YES;
				IPHONEOS_DEPLOYMENT_TARGET = 15.5;
				MTL_ENABLE_DEBUG_INFO = NO;
				MTL_FAST_MATH = YES;
				SDKROOT = iphoneos;
				SWIFT_COMPILATION_MODE = wholemodule;
				SWIFT_OPTIMIZATION_LEVEL = "-O";
				VALIDATE_PRODUCT = YES;
			};
			name = Release;
		};
		65B7FD9C294A0BB30052F601 /* Debug */ = {
			isa = XCBuildConfiguration;
			buildSettings = {
				ASSETCATALOG_COMPILER_APPICON_NAME = AppIcon;
				ASSETCATALOG_COMPILER_GLOBAL_ACCENT_COLOR_NAME = AccentColor;
				CODE_SIGN_STYLE = Automatic;
				CURRENT_PROJECT_VERSION = 1;
				DEVELOPMENT_TEAM = L56QRU7929;
				GENERATE_INFOPLIST_FILE = YES;
				INFOPLIST_FILE = Pokedex/Info.plist;
				INFOPLIST_KEY_UIApplicationSupportsIndirectInputEvents = YES;
				INFOPLIST_KEY_UILaunchStoryboardName = LaunchScreen;
				INFOPLIST_KEY_UISupportedInterfaceOrientations_iPad = "UIInterfaceOrientationPortrait UIInterfaceOrientationPortraitUpsideDown UIInterfaceOrientationLandscapeLeft UIInterfaceOrientationLandscapeRight";
				INFOPLIST_KEY_UISupportedInterfaceOrientations_iPhone = "UIInterfaceOrientationPortrait UIInterfaceOrientationLandscapeLeft UIInterfaceOrientationLandscapeRight";
				LD_RUNPATH_SEARCH_PATHS = (
					"$(inherited)",
					"@executable_path/Frameworks",
				);
				MARKETING_VERSION = 1.0;
				PRODUCT_BUNDLE_IDENTIFIER = com.pedrohcalado.Pokedex;
				PRODUCT_NAME = "$(TARGET_NAME)";
				SWIFT_EMIT_LOC_STRINGS = YES;
				SWIFT_VERSION = 5.0;
				TARGETED_DEVICE_FAMILY = "1,2";
			};
			name = Debug;
		};
		65B7FD9D294A0BB30052F601 /* Release */ = {
			isa = XCBuildConfiguration;
			buildSettings = {
				ASSETCATALOG_COMPILER_APPICON_NAME = AppIcon;
				ASSETCATALOG_COMPILER_GLOBAL_ACCENT_COLOR_NAME = AccentColor;
				CODE_SIGN_STYLE = Automatic;
				CURRENT_PROJECT_VERSION = 1;
				DEVELOPMENT_TEAM = L56QRU7929;
				GENERATE_INFOPLIST_FILE = YES;
				INFOPLIST_FILE = Pokedex/Info.plist;
				INFOPLIST_KEY_UIApplicationSupportsIndirectInputEvents = YES;
				INFOPLIST_KEY_UILaunchStoryboardName = LaunchScreen;
				INFOPLIST_KEY_UISupportedInterfaceOrientations_iPad = "UIInterfaceOrientationPortrait UIInterfaceOrientationPortraitUpsideDown UIInterfaceOrientationLandscapeLeft UIInterfaceOrientationLandscapeRight";
				INFOPLIST_KEY_UISupportedInterfaceOrientations_iPhone = "UIInterfaceOrientationPortrait UIInterfaceOrientationLandscapeLeft UIInterfaceOrientationLandscapeRight";
				LD_RUNPATH_SEARCH_PATHS = (
					"$(inherited)",
					"@executable_path/Frameworks",
				);
				MARKETING_VERSION = 1.0;
				PRODUCT_BUNDLE_IDENTIFIER = com.pedrohcalado.Pokedex;
				PRODUCT_NAME = "$(TARGET_NAME)";
				SWIFT_EMIT_LOC_STRINGS = YES;
				SWIFT_VERSION = 5.0;
				TARGETED_DEVICE_FAMILY = "1,2";
			};
			name = Release;
		};
		65B7FD9F294A0BB30052F601 /* Debug */ = {
			isa = XCBuildConfiguration;
			buildSettings = {
				ALWAYS_EMBED_SWIFT_STANDARD_LIBRARIES = YES;
				BUNDLE_LOADER = "$(TEST_HOST)";
				CODE_SIGN_STYLE = Automatic;
				CURRENT_PROJECT_VERSION = 1;
				DEVELOPMENT_TEAM = L56QRU7929;
				GENERATE_INFOPLIST_FILE = YES;
				IPHONEOS_DEPLOYMENT_TARGET = 15.5;
				MARKETING_VERSION = 1.0;
				PRODUCT_BUNDLE_IDENTIFIER = com.pedrohcalado.PokedexTests;
				PRODUCT_NAME = "$(TARGET_NAME)";
				SWIFT_EMIT_LOC_STRINGS = NO;
				SWIFT_VERSION = 5.0;
				TARGETED_DEVICE_FAMILY = "1,2";
				TEST_HOST = "$(BUILT_PRODUCTS_DIR)/Pokedex.app/Pokedex";
			};
			name = Debug;
		};
		65B7FDA0294A0BB30052F601 /* Release */ = {
			isa = XCBuildConfiguration;
			buildSettings = {
				ALWAYS_EMBED_SWIFT_STANDARD_LIBRARIES = YES;
				BUNDLE_LOADER = "$(TEST_HOST)";
				CODE_SIGN_STYLE = Automatic;
				CURRENT_PROJECT_VERSION = 1;
				DEVELOPMENT_TEAM = L56QRU7929;
				GENERATE_INFOPLIST_FILE = YES;
				IPHONEOS_DEPLOYMENT_TARGET = 15.5;
				MARKETING_VERSION = 1.0;
				PRODUCT_BUNDLE_IDENTIFIER = com.pedrohcalado.PokedexTests;
				PRODUCT_NAME = "$(TARGET_NAME)";
				SWIFT_EMIT_LOC_STRINGS = NO;
				SWIFT_VERSION = 5.0;
				TARGETED_DEVICE_FAMILY = "1,2";
				TEST_HOST = "$(BUILT_PRODUCTS_DIR)/Pokedex.app/Pokedex";
			};
			name = Release;
		};
		65B7FDA2294A0BB30052F601 /* Debug */ = {
			isa = XCBuildConfiguration;
			buildSettings = {
				ALWAYS_EMBED_SWIFT_STANDARD_LIBRARIES = YES;
				CODE_SIGN_STYLE = Automatic;
				CURRENT_PROJECT_VERSION = 1;
				DEVELOPMENT_TEAM = L56QRU7929;
				GENERATE_INFOPLIST_FILE = YES;
				MARKETING_VERSION = 1.0;
				PRODUCT_BUNDLE_IDENTIFIER = com.pedrohcalado.PokedexUITests;
				PRODUCT_NAME = "$(TARGET_NAME)";
				SWIFT_EMIT_LOC_STRINGS = NO;
				SWIFT_VERSION = 5.0;
				TARGETED_DEVICE_FAMILY = "1,2";
				TEST_TARGET_NAME = Pokedex;
			};
			name = Debug;
		};
		65B7FDA3294A0BB30052F601 /* Release */ = {
			isa = XCBuildConfiguration;
			buildSettings = {
				ALWAYS_EMBED_SWIFT_STANDARD_LIBRARIES = YES;
				CODE_SIGN_STYLE = Automatic;
				CURRENT_PROJECT_VERSION = 1;
				DEVELOPMENT_TEAM = L56QRU7929;
				GENERATE_INFOPLIST_FILE = YES;
				MARKETING_VERSION = 1.0;
				PRODUCT_BUNDLE_IDENTIFIER = com.pedrohcalado.PokedexUITests;
				PRODUCT_NAME = "$(TARGET_NAME)";
				SWIFT_EMIT_LOC_STRINGS = NO;
				SWIFT_VERSION = 5.0;
				TARGETED_DEVICE_FAMILY = "1,2";
				TEST_TARGET_NAME = Pokedex;
			};
			name = Release;
		};
/* End XCBuildConfiguration section */

/* Begin XCConfigurationList section */
		65B7FD6C294A0BAE0052F601 /* Build configuration list for PBXProject "Pokedex" */ = {
			isa = XCConfigurationList;
			buildConfigurations = (
				65B7FD99294A0BB30052F601 /* Debug */,
				65B7FD9A294A0BB30052F601 /* Release */,
			);
			defaultConfigurationIsVisible = 0;
			defaultConfigurationName = Release;
		};
		65B7FD9B294A0BB30052F601 /* Build configuration list for PBXNativeTarget "Pokedex" */ = {
			isa = XCConfigurationList;
			buildConfigurations = (
				65B7FD9C294A0BB30052F601 /* Debug */,
				65B7FD9D294A0BB30052F601 /* Release */,
			);
			defaultConfigurationIsVisible = 0;
			defaultConfigurationName = Release;
		};
		65B7FD9E294A0BB30052F601 /* Build configuration list for PBXNativeTarget "PokedexTests" */ = {
			isa = XCConfigurationList;
			buildConfigurations = (
				65B7FD9F294A0BB30052F601 /* Debug */,
				65B7FDA0294A0BB30052F601 /* Release */,
			);
			defaultConfigurationIsVisible = 0;
			defaultConfigurationName = Release;
		};
		65B7FDA1294A0BB30052F601 /* Build configuration list for PBXNativeTarget "PokedexUITests" */ = {
			isa = XCConfigurationList;
			buildConfigurations = (
				65B7FDA2294A0BB30052F601 /* Debug */,
				65B7FDA3294A0BB30052F601 /* Release */,
			);
			defaultConfigurationIsVisible = 0;
			defaultConfigurationName = Release;
		};
/* End XCConfigurationList section */

/* Begin XCRemoteSwiftPackageReference section */
		65B7FDB6294A52890052F601 /* XCRemoteSwiftPackageReference "Alamofire" */ = {
			isa = XCRemoteSwiftPackageReference;
			repositoryURL = "https://github.com/Alamofire/Alamofire.git";
			requirement = {
				kind = upToNextMajorVersion;
				minimumVersion = 5.0.0;
			};
		};
		65B7FDEA294B635A0052F601 /* XCRemoteSwiftPackageReference "SDWebImage" */ = {
			isa = XCRemoteSwiftPackageReference;
			repositoryURL = "https://github.com/SDWebImage/SDWebImage";
			requirement = {
				kind = upToNextMajorVersion;
				minimumVersion = 5.0.0;
			};
		};
		65B7FDED294B63AF0052F601 /* XCRemoteSwiftPackageReference "RxSwift" */ = {
			isa = XCRemoteSwiftPackageReference;
			repositoryURL = "https://github.com/ReactiveX/RxSwift.git";
			requirement = {
				kind = upToNextMajorVersion;
				minimumVersion = 6.0.0;
			};
		};
/* End XCRemoteSwiftPackageReference section */

/* Begin XCSwiftPackageProductDependency section */
		65B7FDB7294A52890052F601 /* Alamofire */ = {
			isa = XCSwiftPackageProductDependency;
			package = 65B7FDB6294A52890052F601 /* XCRemoteSwiftPackageReference "Alamofire" */;
			productName = Alamofire;
		};
		65B7FDEB294B635A0052F601 /* SDWebImage */ = {
			isa = XCSwiftPackageProductDependency;
			package = 65B7FDEA294B635A0052F601 /* XCRemoteSwiftPackageReference "SDWebImage" */;
			productName = SDWebImage;
		};
		65B7FDEE294B63AF0052F601 /* RxCocoa */ = {
			isa = XCSwiftPackageProductDependency;
			package = 65B7FDED294B63AF0052F601 /* XCRemoteSwiftPackageReference "RxSwift" */;
			productName = RxCocoa;
		};
		65B7FDF0294B63AF0052F601 /* RxSwift */ = {
			isa = XCSwiftPackageProductDependency;
			package = 65B7FDED294B63AF0052F601 /* XCRemoteSwiftPackageReference "RxSwift" */;
			productName = RxSwift;
		};
/* End XCSwiftPackageProductDependency section */
	};
	rootObject = 65B7FD69294A0BAE0052F601 /* Project object */;
}
